
Microsoft Visual Studio Solution File, Format Version 12.00
Project("{FAE04EC0-301F-11D3-BF4B-00C04F79EFBC}") = "RPiLed", "RPiLed\RPiLed.csproj", "{AD751134-260F-4781-9BC9-77446D6330D7}"
EndProject
Global
	GlobalSection(SolutionConfigurationPlatforms) = preSolution
		Debug|Any CPU = Debug|Any CPU
		Release|Any CPU = Release|Any CPU
	EndGlobalSection
	GlobalSection(ProjectConfigurationPlatforms) = postSolution
		{AD751134-260F-4781-9BC9-77446D6330D7}.Debug|Any CPU.ActiveCfg = Debug|Any CPU
		{AD751134-260F-4781-9BC9-77446D6330D7}.Debug|Any CPU.Build.0 = Debug|Any CPU
		{AD751134-260F-4781-9BC9-77446D6330D7}.Release|Any CPU.ActiveCfg = Release|Any CPU
		{AD751134-260F-4781-9BC9-77446D6330D7}.Release|Any CPU.Build.0 = Release|Any CPU
	EndGlobalSection
EndGlobal
